
Microsoft Visual Studio Solution File, Format Version 12.00
# Visual Studio Version 16
VisualStudioVersion = 16.0.31729.503
MinimumVisualStudioVersion = 10.0.40219.1
Project("{FAE04EC0-301F-11D3-BF4B-00C04F79EFBC}") = "csharp_WindowsFormsApp1", "csharp_WindowsFormsApp1.csproj", "{2420401A-E483-46C2-928D-7A15965DFD69}"
EndProject
Global
	GlobalSection(SolutionConfigurationPlatforms) = preSolution
		Debug|Any CPU = Debug|Any CPU
		Release|Any CPU = Release|Any CPU
	EndGlobalSection
	GlobalSection(ProjectConfigurationPlatforms) = postSolution
		{2420401A-E483-46C2-928D-7A15965DFD69}.Debug|Any CPU.ActiveCfg = Debug|Any CPU
		{2420401A-E483-46C2-928D-7A15965DFD69}.Debug|Any CPU.Build.0 = Debug|Any CPU
		{2420401A-E483-46C2-928D-7A15965DFD69}.Release|Any CPU.ActiveCfg = Release|Any CPU
		{2420401A-E483-46C2-928D-7A15965DFD69}.Release|Any CPU.Build.0 = Release|Any CPU
	EndGlobalSection
	GlobalSection(SolutionProperties) = preSolution
		HideSolutionNode = FALSE
	EndGlobalSection
	GlobalSection(ExtensibilityGlobals) = postSolution
		SolutionGuid = {FE36FCD1-7161-4D79-B8A0-800D54DA8F96}
	EndGlobalSection
EndGlobal
