
Microsoft Visual Studio Solution File, Format Version 12.00
# Visual Studio Version 16
VisualStudioVersion = 16.0.31729.503
MinimumVisualStudioVersion = 10.0.40219.1
Project("{FAE04EC0-301F-11D3-BF4B-00C04F79EFBC}") = "sender", "sender.csproj", "{7A1936DE-3D9C-4202-937C-95B2464701D8}"
EndProject
Global
	GlobalSection(SolutionConfigurationPlatforms) = preSolution
		Debug|Any CPU = Debug|Any CPU
		Release|Any CPU = Release|Any CPU
	EndGlobalSection
	GlobalSection(ProjectConfigurationPlatforms) = postSolution
		{7A1936DE-3D9C-4202-937C-95B2464701D8}.Debug|Any CPU.ActiveCfg = Debug|Any CPU
		{7A1936DE-3D9C-4202-937C-95B2464701D8}.Debug|Any CPU.Build.0 = Debug|Any CPU
		{7A1936DE-3D9C-4202-937C-95B2464701D8}.Release|Any CPU.ActiveCfg = Release|Any CPU
		{7A1936DE-3D9C-4202-937C-95B2464701D8}.Release|Any CPU.Build.0 = Release|Any CPU
	EndGlobalSection
	GlobalSection(SolutionProperties) = preSolution
		HideSolutionNode = FALSE
	EndGlobalSection
	GlobalSection(ExtensibilityGlobals) = postSolution
		SolutionGuid = {D4AD2700-963E-4861-B993-E66B469B1F5C}
	EndGlobalSection
EndGlobal
